{
  "name": "halfcab",
  "version": "3.1.1",
  "lockfileVersion": 1,
  "dependencies": {
    "axios": {
      "version": "https://registry.npmjs.org/axios/-/axios-0.16.1.tgz",
      "integrity": "sha1-wLbSZgCEI4S49QnlcRHw0t+CI8o="
    },
    "bel": {
      "version": "https://registry.npmjs.org/bel/-/bel-5.0.2.tgz",
      "integrity": "sha1-VMALa7D5m24o/d37iIQhmr4AjKs="
    },
    "csjs": {
      "version": "https://registry.npmjs.org/csjs/-/csjs-1.1.0.tgz",
      "integrity": "sha1-G1dTxr2QLaJp3rNpIVWFpdjx84A="
    },
    "csjs-inject": {
      "version": "https://registry.npmjs.org/csjs-inject/-/csjs-inject-1.0.1.tgz",
      "integrity": "sha1-3iIRPEC0bP4X09YqAMd8nX2nUnw="
    },
    "d": {
      "version": "https://registry.npmjs.org/d/-/d-1.0.0.tgz",
      "integrity": "sha1-dUu1v+VUUdpppYuU1F9MWwRi1Y8="
    },
    "debug": {
      "version": "https://registry.npmjs.org/debug/-/debug-2.6.6.tgz",
      "integrity": "sha1-qfpvvpykPPHnn3O3XAGJy7fW21o="
    },
    "deepmerge": {
      "version": "https://registry.npmjs.org/deepmerge/-/deepmerge-1.4.4.tgz",
      "integrity": "sha1-QO85PJGvCdFqiH51UzeEQjCtFMk="
    },
    "dom-walk": {
      "version": "https://registry.npmjs.org/dom-walk/-/dom-walk-0.1.1.tgz",
      "integrity": "sha1-ZyIm3HTI95mtNTB9+TaroRrNYBg="
    },
    "es5-ext": {
      "version": "https://registry.npmjs.org/es5-ext/-/es5-ext-0.10.23.tgz",
      "integrity": "sha1-dXi1G+l0IHpUh4IbVlOMIk5Oezg="
    },
    "es6-iterator": {
      "version": "https://registry.npmjs.org/es6-iterator/-/es6-iterator-2.0.1.tgz",
      "integrity": "sha1-jjGcnwRTv1ddN0lAplWSDlnKVRI="
    },
    "es6-symbol": {
      "version": "https://registry.npmjs.org/es6-symbol/-/es6-symbol-3.1.1.tgz",
      "integrity": "sha1-vwDvT9q2uhtG7Le2KbTH7VcVzHc="
    },
    "event-emitter": {
      "version": "https://registry.npmjs.org/event-emitter/-/event-emitter-0.3.5.tgz",
      "integrity": "sha1-34xp7vFkeSPHFXuc6DhAYQsCzDk="
    },
    "follow-redirects": {
      "version": "https://registry.npmjs.org/follow-redirects/-/follow-redirects-1.2.3.tgz",
      "integrity": "sha1-AauuyoXjYJg32fzaMWen5C/ayiE="
    },
    "global": {
      "version": "https://registry.npmjs.org/global/-/global-4.3.2.tgz",
      "integrity": "sha1-52mJJopsdMOJCLEwWxD8DjlOnQ8="
    },
    "html-entities": {
      "version": "https://registry.npmjs.org/html-entities/-/html-entities-1.2.1.tgz",
      "integrity": "sha1-DfKTUfByEWNRXfueVUPl9u7VFi8="
    },
    "hyperscript-attribute-to-property": {
      "version": "https://registry.npmjs.org/hyperscript-attribute-to-property/-/hyperscript-attribute-to-property-1.0.0.tgz",
      "integrity": "sha1-glMI1Ju44pV5I/cxmBvMgRytev8="
    },
    "hyperx": {
      "version": "https://registry.npmjs.org/hyperx/-/hyperx-2.3.0.tgz",
      "integrity": "sha1-cPRz1m1K1VDd0cg+S+JlEna78eI="
    },
    "insert-css": {
      "version": "https://registry.npmjs.org/insert-css/-/insert-css-0.2.0.tgz",
      "integrity": "sha1-0VeJlxZi2YmcKJd/tiINU4HSRRo="
    },
    "is-electron": {
      "version": "https://registry.npmjs.org/is-electron/-/is-electron-2.0.0.tgz",
      "integrity": "sha1-yC01mWQPffkchOqu52vFZxPGrHk="
    },
    "marked": {
      "version": "https://registry.npmjs.org/marked/-/marked-0.3.6.tgz",
      "integrity": "sha1-ssbGGPzOzk74bE/Gy4p8v1rtqNc="
    },
    "mdc-nanomorph": {
      "version": "0.1.1",
      "resolved": "https://registry.npmjs.org/mdc-nanomorph/-/mdc-nanomorph-0.1.1.tgz",
      "integrity": "sha512-00rQ5rX2zpwuG5G7Un+RKwfTcSxbn/nafcnn97VUxM+uJDqutoHw2QtThemHXYKIVxxgPePihcf4H8bBKVoUrg=="
    },
    "min-document": {
      "version": "https://registry.npmjs.org/min-document/-/min-document-2.19.0.tgz",
      "integrity": "sha1-e9KC4/WELtKVu3SM3Z8f+iyCRoU="
    },
    "ms": {
      "version": "https://registry.npmjs.org/ms/-/ms-0.7.3.tgz",
      "integrity": "sha1-cIFVpeROM/X9D8U+gdDUCpG+H/8="
    },
    "pelo": {
      "version": "https://registry.npmjs.org/pelo/-/pelo-0.0.2.tgz",
      "integrity": "sha1-pdQHrT+SGpG40bNF+zigMM9YeW8="
    },
    "process": {
      "version": "https://registry.npmjs.org/process/-/process-0.5.2.tgz",
      "integrity": "sha1-FjjYqONML0QKkduVq5rrZ3/Bhc8="
    },
    "rollup": {
      "version": "https://registry.npmjs.org/rollup/-/rollup-0.41.6.tgz",
      "integrity": "sha1-4NBUl4d6OYwQTYFtJzOnGKepTio=",
      "dev": true
    },
    "sheet-router": {
      "version": "https://registry.npmjs.org/sheet-router/-/sheet-router-4.2.3.tgz",
      "integrity": "sha1-xYd3ng4lIRLn9j5P2HOlaL7l/GI="
    },
    "source-map": {
      "version": "https://registry.npmjs.org/source-map/-/source-map-0.5.6.tgz",
      "integrity": "sha1-dc449SvwczxafwwRjYEzSiu19BI=",
      "dev": true
    },
    "source-map-support": {
      "version": "https://registry.npmjs.org/source-map-support/-/source-map-support-0.4.15.tgz",
      "integrity": "sha1-AyAt9lwG0r2MfsI2KhkwVv7407E=",
      "dev": true
    },
    "wayfarer": {
      "version": "https://registry.npmjs.org/wayfarer/-/wayfarer-6.6.0.tgz",
      "integrity": "sha1-FFruJYyrOHJXz8hNesPULTLShSU="
    },
    "xtend": {
      "version": "https://registry.npmjs.org/xtend/-/xtend-4.0.1.tgz",
      "integrity": "sha1-pcbVMr5lbiPbgg77lDofBJmNY68="
    }
  }
}
